// !$*UTF8*$!
{
	archiveVersion = 1;
	classes = {
	};
	objectVersion = 56;
	objects = {

/* Begin PBXBuildFile section */
		3D77D1D629E980AF00E59887 /* pocre.m in Sources */ = {isa = PBXBuildFile; fileRef = 3D77D1D429E980AF00E59887 /* pocre.m */; };
		3D77D1D929E984DD00E59887 /* IOKit.framework in Frameworks */ = {isa = PBXBuildFile; fileRef = 3D77D1D829E984DC00E59887 /* IOKit.framework */; };
		8EC39E9AFA5B152B0094B845 /* locchangeApp.swift in Sources */ = {isa = PBXBuildFile; fileRef = 8EC39E99FA5B152B0094B845 /* locchangeApp.swift */; };
		8EC39E9EFA5B15450094B845 /* Assets.xcassets in Resources */ = {isa = PBXBuildFile; fileRef = 8EC39E9DFA5B15450094B845 /* Assets.xcassets */; };
		8EC39EA2FA5B15450094B845 /* Preview Assets.xcassets in Resources */ = {isa = PBXBuildFile; fileRef = 8EC39EA1FA5B15450094B845 /* Preview Assets.xcassets */; };
		8EC39EACFA5B15450094B845 /* locchangeTests.swift in Sources */ = {isa = PBXBuildFile; fileRef = 8EC39EABFA5B15450094B845 /* locchangeTests.swift */; };
		8EC39EB6FA5B15450094B845 /* locchangeUITests.swift in Sources */ = {isa = PBXBuildFile; fileRef = 8EC39EB5FA5B15450094B845 /* locchangeUITests.swift */; };
		8EC39EB8FA5B15450094B845 /* locchangeUITestsLaunchTests.swift in Sources */ = {isa = PBXBuildFile; fileRef = 8EC39EB7FA5B15450094B845 /* locchangeUITestsLaunchTests.swift */; };
		8EC39EC8FA5B15450094B845 /* poc.m in Sources */ = {isa = PBXBuildFile; fileRef = 8EC39EC7FA5B15450094B845 /* poc.m */; };
		8EC39F02FA5B15450094B845 /* ContentView.swift in Sources */ = {isa = PBXBuildFile; fileRef = 8EC39E9BFA5B152B0094B845 /* ContentView.swift */; };
/* End PBXBuildFile section */

/* Begin PBXContainerItemProxy section */
		8EC39EA8FA5B15450094B845 /* PBXContainerItemProxy */ = {
			isa = PBXContainerItemProxy;
			containerPortal = 8EC39E8EFA5B152B0094B845 /* Project object */;
			proxyType = 1;
			remoteGlobalIDString = 8EC39E95FA5B152B0094B845;
			remoteInfo = locchange;
		};
		8EC39EB2FA5B15450094B845 /* PBXContainerItemProxy */ = {
			isa = PBXContainerItemProxy;
			containerPortal = 8EC39E8EFA5B152B0094B845 /* Project object */;
			proxyType = 1;
			remoteGlobalIDString = 8EC39E95FA5B152B0094B845;
			remoteInfo = locchange;
		};
/* End PBXContainerItemProxy section */

/* Begin PBXFileReference section */
		3D77D1D429E980AF00E59887 /* pocre.m */ = {isa = PBXFileReference; fileEncoding = 4; lastKnownFileType = sourcecode.c.objc; path = pocre.m; sourceTree = "<group>"; };
		3D77D1D529E980AF00E59887 /* pocre.h */ = {isa = PBXFileReference; fileEncoding = 4; lastKnownFileType = sourcecode.c.h; path = pocre.h; sourceTree = "<group>"; };
		3D77D1D829E984DC00E59887 /* IOKit.framework */ = {isa = PBXFileReference; lastKnownFileType = wrapper.framework; name = IOKit.framework; path = Platforms/iPhoneOS.platform/Developer/SDKs/iPhoneOS16.4.sdk/System/Library/Frameworks/IOKit.framework; sourceTree = DEVELOPER_DIR; };
		8EC39E96FA5B152B0094B845 /* locchange.app */ = {isa = PBXFileReference; explicitFileType = wrapper.application; includeInIndex = 0; path = locchange.app; sourceTree = BUILT_PRODUCTS_DIR; };
		8EC39E99FA5B152B0094B845 /* locchangeApp.swift */ = {isa = PBXFileReference; lastKnownFileType = sourcecode.swift; path = locchangeApp.swift; sourceTree = "<group>"; };
		8EC39E9BFA5B152B0094B845 /* ContentView.swift */ = {isa = PBXFileReference; lastKnownFileType = sourcecode.swift; name = ContentView.swift; path = locchange/ContentView.swift; sourceTree = SOURCE_ROOT; };
		8EC39E9DFA5B15450094B845 /* Assets.xcassets */ = {isa = PBXFileReference; lastKnownFileType = folder.assetcatalog; path = Assets.xcassets; sourceTree = "<group>"; };
		8EC39E9FFA5B15450094B845 /* locchange.entitlements */ = {isa = PBXFileReference; lastKnownFileType = text.plist.entitlements; path = locchange.entitlements; sourceTree = "<group>"; };
		8EC39EA1FA5B15450094B845 /* Preview Assets.xcassets */ = {isa = PBXFileReference; lastKnownFileType = folder.assetcatalog; path = "Preview Assets.xcassets"; sourceTree = "<group>"; };
		8EC39EA7FA5B15450094B845 /* locchangeTests.xctest */ = {isa = PBXFileReference; explicitFileType = wrapper.cfbundle; includeInIndex = 0; path = locchangeTests.xctest; sourceTree = BUILT_PRODUCTS_DIR; };
		8EC39EABFA5B15450094B845 /* locchangeTests.swift */ = {isa = PBXFileReference; lastKnownFileType = sourcecode.swift; path = locchangeTests.swift; sourceTree = "<group>"; };
		8EC39EB1FA5B15450094B845 /* locchangeUITests.xctest */ = {isa = PBXFileReference; explicitFileType = wrapper.cfbundle; includeInIndex = 0; path = locchangeUITests.xctest; sourceTree = BUILT_PRODUCTS_DIR; };
		8EC39EB5FA5B15450094B845 /* locchangeUITests.swift */ = {isa = PBXFileReference; lastKnownFileType = sourcecode.swift; path = locchangeUITests.swift; sourceTree = "<group>"; };
		8EC39EB7FA5B15450094B845 /* locchangeUITestsLaunchTests.swift */ = {isa = PBXFileReference; lastKnownFileType = sourcecode.swift; path = locchangeUITestsLaunchTests.swift; sourceTree = "<group>"; };
		8EC39EC4FA5B15450094B845 /* locchange-Bridging-Header.h */ = {isa = PBXFileReference; lastKnownFileType = sourcecode.c.h; path = "locchange-Bridging-Header.h"; sourceTree = "<group>"; };
		8EC39EC5FA5B15450094B845 /* poc.h */ = {isa = PBXFileReference; fileEncoding = 4; lastKnownFileType = sourcecode.c.h; path = poc.h; sourceTree = "<group>"; };
		8EC39EC7FA5B15450094B845 /* poc.m */ = {isa = PBXFileReference; fileEncoding = 4; lastKnownFileType = sourcecode.c.objc; path = poc.m; sourceTree = "<group>"; };
/* End PBXFileReference section */

/* Begin PBXFrameworksBuildPhase section */
		8EC39E93FA5B152B0094B845 /* Frameworks */ = {
			isa = PBXFrameworksBuildPhase;
			buildActionMask = 2147483647;
			files = (
				3D77D1D929E984DD00E59887 /* IOKit.framework in Frameworks */,
			);
			runOnlyForDeploymentPostprocessing = 0;
		};
		8EC39EA4FA5B15450094B845 /* Frameworks */ = {
			isa = PBXFrameworksBuildPhase;
			buildActionMask = 2147483647;
			files = (
			);
			runOnlyForDeploymentPostprocessing = 0;
		};
		8EC39EAEFA5B15450094B845 /* Frameworks */ = {
			isa = PBXFrameworksBuildPhase;
			buildActionMask = 2147483647;
			files = (
			);
			runOnlyForDeploymentPostprocessing = 0;
		};
/* End PBXFrameworksBuildPhase section */

/* Begin PBXGroup section */
		3D77D1D729E984DC00E59887 /* Frameworks */ = {
			isa = PBXGroup;
			children = (
				3D77D1D829E984DC00E59887 /* IOKit.framework */,
			);
			name = Frameworks;
			sourceTree = "<group>";
		};
		8EC39E8DFA5B152B0094B845 = {
			isa = PBXGroup;
			children = (
				8EC39EA0FA5B15450094B845 /* Preview Content */,
				8EC39E98FA5B152B0094B845 /* locchange */,
				8EC39EAAFA5B15450094B845 /* locchangeTests */,
				8EC39EB4FA5B15450094B845 /* locchangeUITests */,
				8EC39E97FA5B152B0094B845 /* Products */,
				3D77D1D729E984DC00E59887 /* Frameworks */,
			);
			sourceTree = "<group>";
		};
		8EC39E97FA5B152B0094B845 /* Products */ = {
			isa = PBXGroup;
			children = (
				8EC39E96FA5B152B0094B845 /* locchange.app */,
				8EC39EA7FA5B15450094B845 /* locchangeTests.xctest */,
				8EC39EB1FA5B15450094B845 /* locchangeUITests.xctest */,
			);
			name = Products;
			sourceTree = "<group>";
		};
		8EC39E98FA5B152B0094B845 /* locchange */ = {
			isa = PBXGroup;
			children = (
				8EC39E99FA5B152B0094B845 /* locchangeApp.swift */,
				8EC39E9BFA5B152B0094B845 /* ContentView.swift */,
				8EC39E9DFA5B15450094B845 /* Assets.xcassets */,
				8EC39E9FFA5B15450094B845 /* locchange.entitlements */,
				8EC39EC5FA5B15450094B845 /* poc.h */,
				3D77D1D529E980AF00E59887 /* pocre.h */,
				3D77D1D429E980AF00E59887 /* pocre.m */,
				8EC39EC7FA5B15450094B845 /* poc.m */,
				8EC39EC4FA5B15450094B845 /* locchange-Bridging-Header.h */,
			);
			path = locchange;
			sourceTree = "<group>";
		};
		8EC39EA0FA5B15450094B845 /* Preview Content */ = {
			isa = PBXGroup;
			children = (
				8EC39EA1FA5B15450094B845 /* Preview Assets.xcassets */,
			);
			path = "Preview Content";
			sourceTree = "<group>";
		};
		8EC39EAAFA5B15450094B845 /* locchangeTests */ = {
			isa = PBXGroup;
			children = (
				8EC39EABFA5B15450094B845 /* locchangeTests.swift */,
			);
			path = locchangeTests;
			sourceTree = "<group>";
		};
		8EC39EB4FA5B15450094B845 /* locchangeUITests */ = {
			isa = PBXGroup;
			children = (
				8EC39EB5FA5B15450094B845 /* locchangeUITests.swift */,
				8EC39EB7FA5B15450094B845 /* locchangeUITestsLaunchTests.swift */,
			);
			path = locchangeUITests;
			sourceTree = "<group>";
		};
/* End PBXGroup section */

/* Begin PBXNativeTarget section */
		8EC39E95FA5B152B0094B845 /* locchange */ = {
			isa = PBXNativeTarget;
			buildConfigurationList = 8EC39EBBFA5B15450094B845 /* Build configuration list for PBXNativeTarget "locchange" */;
			buildPhases = (
				8EC39E92FA5B152B0094B845 /* Sources */,
				8EC39E93FA5B152B0094B845 /* Frameworks */,
				8EC39E94FA5B152B0094B845 /* Resources */,
			);
			buildRules = (
			);
			dependencies = (
			);
			name = locchange;
			productName = locchange;
			productReference = 8EC39E96FA5B152B0094B845 /* locchange.app */;
			productType = "com.apple.product-type.application";
		};
		8EC39EA6FA5B15450094B845 /* locchangeTests */ = {
			isa = PBXNativeTarget;
			buildConfigurationList = 8EC39EBEFA5B15450094B845 /* Build configuration list for PBXNativeTarget "locchangeTests" */;
			buildPhases = (
				8EC39EA3FA5B15450094B845 /* Sources */,
				8EC39EA4FA5B15450094B845 /* Frameworks */,
				8EC39EA5FA5B15450094B845 /* Resources */,
			);
			buildRules = (
			);
			dependencies = (
				8EC39EA9FA5B15450094B845 /* PBXTargetDependency */,
			);
			name = locchangeTests;
			productName = locchangeTests;
			productReference = 8EC39EA7FA5B15450094B845 /* locchangeTests.xctest */;
			productType = "com.apple.product-type.bundle.unit-test";
		};
		8EC39EB0FA5B15450094B845 /* locchangeUITests */ = {
			isa = PBXNativeTarget;
			buildConfigurationList = 8EC39EC1FA5B15450094B845 /* Build configuration list for PBXNativeTarget "locchangeUITests" */;
			buildPhases = (
				8EC39EADFA5B15450094B845 /* Sources */,
				8EC39EAEFA5B15450094B845 /* Frameworks */,
				8EC39EAFFA5B15450094B845 /* Resources */,
			);
			buildRules = (
			);
			dependencies = (
				8EC39EB3FA5B15450094B845 /* PBXTargetDependency */,
			);
			name = locchangeUITests;
			productName = locchangeUITests;
			productReference = 8EC39EB1FA5B15450094B845 /* locchangeUITests.xctest */;
			productType = "com.apple.product-type.bundle.ui-testing";
		};
/* End PBXNativeTarget section */

/* Begin PBXProject section */
		8EC39E8EFA5B152B0094B845 /* Project object */ = {
			isa = PBXProject;
			attributes = {
				BuildIndependentTargetsInParallel = 1;
				LastSwiftUpdateCheck = 1420;
				LastUpgradeCheck = 1420;
				TargetAttributes = {
					8EC39E95FA5B152B0094B845 = {
						CreatedOnToolsVersion = 14.2;
						LastSwiftMigration = 1420;
					};
					8EC39EA6FA5B15450094B845 = {
						CreatedOnToolsVersion = 14.2;
						TestTargetID = 8EC39E95FA5B152B0094B845;
					};
					8EC39EB0FA5B15450094B845 = {
						CreatedOnToolsVersion = 14.2;
						TestTargetID = 8EC39E95FA5B152B0094B845;
					};
				};
			};
			buildConfigurationList = 8EC39E91FA5B152B0094B845 /* Build configuration list for PBXProject "locchange" */;
			compatibilityVersion = "Xcode 14.0";
			developmentRegion = en;
			hasScannedForEncodings = 0;
			knownRegions = (
				en,
				Base,
			);
			mainGroup = 8EC39E8DFA5B152B0094B845;
			productRefGroup = 8EC39E97FA5B152B0094B845 /* Products */;
			projectDirPath = "";
			projectRoot = "";
			targets = (
				8EC39E95FA5B152B0094B845 /* locchange */,
				8EC39EA6FA5B15450094B845 /* locchangeTests */,
				8EC39EB0FA5B15450094B845 /* locchangeUITests */,
			);
		};
/* End PBXProject section */

/* Begin PBXResourcesBuildPhase section */
		8EC39E94FA5B152B0094B845 /* Resources */ = {
			isa = PBXResourcesBuildPhase;
			buildActionMask = 2147483647;
			files = (
				8EC39EA2FA5B15450094B845 /* Preview Assets.xcassets in Resources */,
				8EC39E9EFA5B15450094B845 /* Assets.xcassets in Resources */,
			);
			runOnlyForDeploymentPostprocessing = 0;
		};
		8EC39EA5FA5B15450094B845 /* Resources */ = {
			isa = PBXResourcesBuildPhase;
			buildActionMask = 2147483647;
			files = (
			);
			runOnlyForDeploymentPostprocessing = 0;
		};
		8EC39EAFFA5B15450094B845 /* Resources */ = {
			isa = PBXResourcesBuildPhase;
			buildActionMask = 2147483647;
			files = (
			);
			runOnlyForDeploymentPostprocessing = 0;
		};
/* End PBXResourcesBuildPhase section */

/* Begin PBXSourcesBuildPhase section */
		8EC39E92FA5B152B0094B845 /* Sources */ = {
			isa = PBXSourcesBuildPhase;
			buildActionMask = 2147483647;
			files = (
				8EC39EC8FA5B15450094B845 /* poc.m in Sources */,
				8EC39E9AFA5B152B0094B845 /* locchangeApp.swift in Sources */,
				8EC39F02FA5B15450094B845 /* ContentView.swift in Sources */,
				3D77D1D629E980AF00E59887 /* pocre.m in Sources */,
			);
			runOnlyForDeploymentPostprocessing = 0;
		};
		8EC39EA3FA5B15450094B845 /* Sources */ = {
			isa = PBXSourcesBuildPhase;
			buildActionMask = 2147483647;
			files = (
				8EC39EACFA5B15450094B845 /* locchangeTests.swift in Sources */,
			);
			runOnlyForDeploymentPostprocessing = 0;
		};
		8EC39EADFA5B15450094B845 /* Sources */ = {
			isa = PBXSourcesBuildPhase;
			buildActionMask = 2147483647;
			files = (
				8EC39EB6FA5B15450094B845 /* locchangeUITests.swift in Sources */,
				8EC39EB8FA5B15450094B845 /* locchangeUITestsLaunchTests.swift in Sources */,
			);
			runOnlyForDeploymentPostprocessing = 0;
		};
/* End PBXSourcesBuildPhase section */

/* Begin PBXTargetDependency section */
		8EC39EA9FA5B15450094B845 /* PBXTargetDependency */ = {
			isa = PBXTargetDependency;
			target = 8EC39E95FA5B152B0094B845 /* locchange */;
			targetProxy = 8EC39EA8FA5B15450094B845 /* PBXContainerItemProxy */;
		};
		8EC39EB3FA5B15450094B845 /* PBXTargetDependency */ = {
			isa = PBXTargetDependency;
			target = 8EC39E95FA5B152B0094B845 /* locchange */;
			targetProxy = 8EC39EB2FA5B15450094B845 /* PBXContainerItemProxy */;
		};
/* End PBXTargetDependency section */

/* Begin XCBuildConfiguration section */
		8EC39EB9FA5B15450094B845 /* Debug */ = {
			isa = XCBuildConfiguration;
			buildSettings = {
				ALWAYS_SEARCH_USER_PATHS = NO;
				CLANG_ANALYZER_NONNULL = YES;
				CLANG_ANALYZER_NUMBER_OBJECT_CONVERSION = YES_AGGRESSIVE;
				CLANG_CXX_LANGUAGE_STANDARD = "gnu++20";
				CLANG_ENABLE_MODULES = YES;
				CLANG_ENABLE_OBJC_ARC = YES;
				CLANG_ENABLE_OBJC_WEAK = YES;
				CLANG_WARN_BLOCK_CAPTURE_AUTORELEASING = YES;
				CLANG_WARN_BOOL_CONVERSION = YES;
				CLANG_WARN_COMMA = YES;
				CLANG_WARN_CONSTANT_CONVERSION = YES;
				CLANG_WARN_DEPRECATED_OBJC_IMPLEMENTATIONS = YES;
				CLANG_WARN_DIRECT_OBJC_ISA_USAGE = YES_ERROR;
				CLANG_WARN_DOCUMENTATION_COMMENTS = YES;
				CLANG_WARN_EMPTY_BODY = YES;
				CLANG_WARN_ENUM_CONVERSION = YES;
				CLANG_WARN_INFINITE_RECURSION = YES;
				CLANG_WARN_INT_CONVERSION = YES;
				CLANG_WARN_NON_LITERAL_NULL_CONVERSION = YES;
				CLANG_WARN_OBJC_IMPLICIT_RETAIN_SELF = YES;
				CLANG_WARN_OBJC_LITERAL_CONVERSION = YES;
				CLANG_WARN_OBJC_ROOT_CLASS = YES_ERROR;
				CLANG_WARN_QUOTED_INCLUDE_IN_FRAMEWORK_HEADER = YES;
				CLANG_WARN_RANGE_LOOP_ANALYSIS = YES;
				CLANG_WARN_STRICT_PROTOTYPES = YES;
				CLANG_WARN_SUSPICIOUS_MOVE = YES;
				CLANG_WARN_UNGUARDED_AVAILABILITY = YES_AGGRESSIVE;
				CLANG_WARN_UNREACHABLE_CODE = YES;
				CLANG_WARN__DUPLICATE_METHOD_MATCH = YES;
				COPY_PHASE_STRIP = NO;
				DEBUG_INFORMATION_FORMAT = dwarf;
				ENABLE_STRICT_OBJC_MSGSEND = YES;
				ENABLE_TESTABILITY = YES;
				GCC_C_LANGUAGE_STANDARD = gnu11;
				GCC_DYNAMIC_NO_PIC = NO;
				GCC_NO_COMMON_BLOCKS = YES;
				GCC_OPTIMIZATION_LEVEL = 0;
				GCC_PREPROCESSOR_DEFINITIONS = (
					"DEBUG=1",
					"$(inherited)",
				);
				GCC_WARN_64_TO_32_BIT_CONVERSION = YES;
				GCC_WARN_ABOUT_RETURN_TYPE = YES_ERROR;
				GCC_WARN_UNDECLARED_SELECTOR = YES;
				GCC_WARN_UNINITIALIZED_AUTOS = YES_AGGRESSIVE;
				GCC_WARN_UNUSED_FUNCTION = YES;
				GCC_WARN_UNUSED_VARIABLE = YES;
				IPHONEOS_DEPLOYMENT_TARGET = 16.1;
				MTL_ENABLE_DEBUG_INFO = INCLUDE_SOURCE;
				MTL_FAST_MATH = YES;
				ONLY_ACTIVE_ARCH = YES;
				SWIFT_ACTIVE_COMPILATION_CONDITIONS = DEBUG;
				SWIFT_OPTIMIZATION_LEVEL = "-Onone";
			};
			name = Debug;
		};
		8EC39EBAFA5B15450094B845 /* Release */ = {
			isa = XCBuildConfiguration;
			buildSettings = {
				ALWAYS_SEARCH_USER_PATHS = NO;
				CLANG_ANALYZER_NONNULL = YES;
				CLANG_ANALYZER_NUMBER_OBJECT_CONVERSION = YES_AGGRESSIVE;
				CLANG_CXX_LANGUAGE_STANDARD = "gnu++20";
				CLANG_ENABLE_MODULES = YES;
				CLANG_ENABLE_OBJC_ARC = YES;
				CLANG_ENABLE_OBJC_WEAK = YES;
				CLANG_WARN_BLOCK_CAPTURE_AUTORELEASING = YES;
				CLANG_WARN_BOOL_CONVERSION = YES;
				CLANG_WARN_COMMA = YES;
				CLANG_WARN_CONSTANT_CONVERSION = YES;
				CLANG_WARN_DEPRECATED_OBJC_IMPLEMENTATIONS = YES;
				CLANG_WARN_DIRECT_OBJC_ISA_USAGE = YES_ERROR;
				CLANG_WARN_DOCUMENTATION_COMMENTS = YES;
				CLANG_WARN_EMPTY_BODY = YES;
				CLANG_WARN_ENUM_CONVERSION = YES;
				CLANG_WARN_INFINITE_RECURSION = YES;
				CLANG_WARN_INT_CONVERSION = YES;
				CLANG_WARN_NON_LITERAL_NULL_CONVERSION = YES;
				CLANG_WARN_OBJC_IMPLICIT_RETAIN_SELF = YES;
				CLANG_WARN_OBJC_LITERAL_CONVERSION = YES;
				CLANG_WARN_OBJC_ROOT_CLASS = YES_ERROR;
				CLANG_WARN_QUOTED_INCLUDE_IN_FRAMEWORK_HEADER = YES;
				CLANG_WARN_RANGE_LOOP_ANALYSIS = YES;
				CLANG_WARN_STRICT_PROTOTYPES = YES;
				CLANG_WARN_SUSPICIOUS_MOVE = YES;
				CLANG_WARN_UNGUARDED_AVAILABILITY = YES_AGGRESSIVE;
				CLANG_WARN_UNREACHABLE_CODE = YES;
				CLANG_WARN__DUPLICATE_METHOD_MATCH = YES;
				COPY_PHASE_STRIP = NO;
				DEBUG_INFORMATION_FORMAT = "dwarf-with-dsym";
				ENABLE_NS_ASSERTIONS = NO;
				ENABLE_STRICT_OBJC_MSGSEND = YES;
				GCC_C_LANGUAGE_STANDARD = gnu11;
				GCC_NO_COMMON_BLOCKS = YES;
				GCC_WARN_64_TO_32_BIT_CONVERSION = YES;
				GCC_WARN_ABOUT_RETURN_TYPE = YES_ERROR;
				GCC_WARN_UNDECLARED_SELECTOR = YES;
				GCC_WARN_UNINITIALIZED_AUTOS = YES_AGGRESSIVE;
				GCC_WARN_UNUSED_FUNCTION = YES;
				GCC_WARN_UNUSED_VARIABLE = YES;
				IPHONEOS_DEPLOYMENT_TARGET = 16.1;
				MTL_ENABLE_DEBUG_INFO = NO;
				MTL_FAST_MATH = YES;
				ONLY_ACTIVE_ARCH = YES;
				SWIFT_COMPILATION_MODE = wholemodule;
				SWIFT_OPTIMIZATION_LEVEL = "-O";
			};
			name = Release;
		};
		8EC39EBCFA5B15450094B845 /* Debug */ = {
			isa = XCBuildConfiguration;
			buildSettings = {
				ASSETCATALOG_COMPILER_APPICON_NAME = AppIcon;
				ASSETCATALOG_COMPILER_GLOBAL_ACCENT_COLOR_NAME = AccentColor;
				CLANG_ENABLE_MODULES = YES;
				CODE_SIGN_ENTITLEMENTS = locchange/locchange.entitlements;
				CODE_SIGN_STYLE = Automatic;
				CURRENT_PROJECT_VERSION = 1;
				DEVELOPMENT_ASSET_PATHS = "";
				DEVELOPMENT_TEAM = FXUH7DKLCF;
				ENABLE_HARDENED_RUNTIME = YES;
				ENABLE_PREVIEWS = YES;
				GENERATE_INFOPLIST_FILE = YES;
				"INFOPLIST_KEY_UIApplicationSceneManifest_Generation[sdk=iphoneos*]" = YES;
				"INFOPLIST_KEY_UIApplicationSceneManifest_Generation[sdk=iphonesimulator*]" = YES;
				"INFOPLIST_KEY_UIApplicationSupportsIndirectInputEvents[sdk=iphoneos*]" = YES;
				"INFOPLIST_KEY_UIApplicationSupportsIndirectInputEvents[sdk=iphonesimulator*]" = YES;
				"INFOPLIST_KEY_UILaunchScreen_Generation[sdk=iphoneos*]" = YES;
				"INFOPLIST_KEY_UILaunchScreen_Generation[sdk=iphonesimulator*]" = YES;
				"INFOPLIST_KEY_UIStatusBarStyle[sdk=iphoneos*]" = UIStatusBarStyleDefault;
				"INFOPLIST_KEY_UIStatusBarStyle[sdk=iphonesimulator*]" = UIStatusBarStyleDefault;
				INFOPLIST_KEY_UISupportedInterfaceOrientations_iPad = "UIInterfaceOrientationPortrait UIInterfaceOrientationPortraitUpsideDown UIInterfaceOrientationLandscapeLeft UIInterfaceOrientationLandscapeRight";
				INFOPLIST_KEY_UISupportedInterfaceOrientations_iPhone = "UIInterfaceOrientationPortrait UIInterfaceOrientationLandscapeLeft UIInterfaceOrientationLandscapeRight";
				IPHONEOS_DEPLOYMENT_TARGET = 15.0;
				LD_RUNPATH_SEARCH_PATHS = "@executable_path/Frameworks";
				"LD_RUNPATH_SEARCH_PATHS[sdk=macosx*]" = "@executable_path/../Frameworks";
				MACOSX_DEPLOYMENT_TARGET = 13.1;
				MARKETING_VERSION = 1.0;
				PRODUCT_BUNDLE_IDENTIFIER = com.parkm.locchange;
				PRODUCT_NAME = "$(TARGET_NAME)";
				SDKROOT = auto;
				SUPPORTED_PLATFORMS = "iphonesimulator iphoneos";
				SWIFT_EMIT_LOC_STRINGS = YES;
				SWIFT_OBJC_BRIDGING_HEADER = "locchange/locchange-Bridging-Header.h";
				SWIFT_OPTIMIZATION_LEVEL = "-Onone";
				SWIFT_VERSION = 5.0;
				TARGETED_DEVICE_FAMILY = "1,2";
			};
			name = Debug;
		};
		8EC39EBDFA5B15450094B845 /* Release */ = {
			isa = XCBuildConfiguration;
			buildSettings = {
				ASSETCATALOG_COMPILER_APPICON_NAME = AppIcon;
				ASSETCATALOG_COMPILER_GLOBAL_ACCENT_COLOR_NAME = AccentColor;
				CLANG_ENABLE_MODULES = YES;
				CODE_SIGN_ENTITLEMENTS = locchange/locchange.entitlements;
				CODE_SIGN_STYLE = Automatic;
				CURRENT_PROJECT_VERSION = 1;
				DEVELOPMENT_ASSET_PATHS = "";
				DEVELOPMENT_TEAM = FXUH7DKLCF;
				ENABLE_HARDENED_RUNTIME = YES;
				ENABLE_PREVIEWS = YES;
				GENERATE_INFOPLIST_FILE = YES;
				"INFOPLIST_KEY_UIApplicationSceneManifest_Generation[sdk=iphoneos*]" = YES;
				"INFOPLIST_KEY_UIApplicationSceneManifest_Generation[sdk=iphonesimulator*]" = YES;
				"INFOPLIST_KEY_UIApplicationSupportsIndirectInputEvents[sdk=iphoneos*]" = YES;
				"INFOPLIST_KEY_UIApplicationSupportsIndirectInputEvents[sdk=iphonesimulator*]" = YES;
				"INFOPLIST_KEY_UILaunchScreen_Generation[sdk=iphoneos*]" = YES;
				"INFOPLIST_KEY_UILaunchScreen_Generation[sdk=iphonesimulator*]" = YES;
				"INFOPLIST_KEY_UIStatusBarStyle[sdk=iphoneos*]" = UIStatusBarStyleDefault;
				"INFOPLIST_KEY_UIStatusBarStyle[sdk=iphonesimulator*]" = UIStatusBarStyleDefault;
				INFOPLIST_KEY_UISupportedInterfaceOrientations_iPad = "UIInterfaceOrientationPortrait UIInterfaceOrientationPortraitUpsideDown UIInterfaceOrientationLandscapeLeft UIInterfaceOrientationLandscapeRight";
				INFOPLIST_KEY_UISupportedInterfaceOrientations_iPhone = "UIInterfaceOrientationPortrait UIInterfaceOrientationLandscapeLeft UIInterfaceOrientationLandscapeRight";
				IPHONEOS_DEPLOYMENT_TARGET = 15.0;
				LD_RUNPATH_SEARCH_PATHS = "@executable_path/Frameworks";
				"LD_RUNPATH_SEARCH_PATHS[sdk=macosx*]" = "@executable_path/../Frameworks";
				MACOSX_DEPLOYMENT_TARGET = 13.1;
				MARKETING_VERSION = 1.0;
				PRODUCT_BUNDLE_IDENTIFIER = com.parkm.locchange;
				PRODUCT_NAME = "$(TARGET_NAME)";
				SDKROOT = auto;
				SUPPORTED_PLATFORMS = "iphonesimulator iphoneos";
				SWIFT_EMIT_LOC_STRINGS = YES;
				SWIFT_OBJC_BRIDGING_HEADER = "locchange/locchange-Bridging-Header.h";
				SWIFT_VERSION = 5.0;
				TARGETED_DEVICE_FAMILY = "1,2";
			};
			name = Release;
		};
		8EC39EBFFA5B15450094B845 /* Debug */ = {
			isa = XCBuildConfiguration;
			buildSettings = {
				ALWAYS_EMBED_SWIFT_STANDARD_LIBRARIES = YES;
				BUNDLE_LOADER = "$(TEST_HOST)";
				CODE_SIGN_STYLE = Automatic;
				CURRENT_PROJECT_VERSION = 1;
				DEVELOPMENT_TEAM = FXUH7DKLCF;
				GENERATE_INFOPLIST_FILE = YES;
				IPHONEOS_DEPLOYMENT_TARGET = 16.2;
				MACOSX_DEPLOYMENT_TARGET = 13.1;
				MARKETING_VERSION = 1.0;
				PRODUCT_BUNDLE_IDENTIFIER = com.parkm.locchangeTests;
				PRODUCT_NAME = "$(TARGET_NAME)";
				SDKROOT = auto;
				SUPPORTED_PLATFORMS = "iphoneos iphonesimulator macosx";
				SWIFT_EMIT_LOC_STRINGS = NO;
				SWIFT_VERSION = 5.0;
				TARGETED_DEVICE_FAMILY = "1,2";
				TEST_HOST = "$(BUILT_PRODUCTS_DIR)/locchange.app/$(BUNDLE_EXECUTABLE_FOLDER_PATH)/locchange";
			};
			name = Debug;
		};
		8EC39EC0FA5B15450094B845 /* Release */ = {
			isa = XCBuildConfiguration;
			buildSettings = {
				ALWAYS_EMBED_SWIFT_STANDARD_LIBRARIES = YES;
				BUNDLE_LOADER = "$(TEST_HOST)";
				CODE_SIGN_STYLE = Automatic;
				CURRENT_PROJECT_VERSION = 1;
				DEVELOPMENT_TEAM = FXUH7DKLCF;
				GENERATE_INFOPLIST_FILE = YES;
				IPHONEOS_DEPLOYMENT_TARGET = 16.2;
				MACOSX_DEPLOYMENT_TARGET = 13.1;
				MARKETING_VERSION = 1.0;
				PRODUCT_BUNDLE_IDENTIFIER = com.parkm.locchangeTests;
				PRODUCT_NAME = "$(TARGET_NAME)";
				SDKROOT = auto;
				SUPPORTED_PLATFORMS = "iphoneos iphonesimulator macosx";
				SWIFT_EMIT_LOC_STRINGS = NO;
				SWIFT_VERSION = 5.0;
				TARGETED_DEVICE_FAMILY = "1,2";
				TEST_HOST = "$(BUILT_PRODUCTS_DIR)/locchange.app/$(BUNDLE_EXECUTABLE_FOLDER_PATH)/locchange";
			};
			name = Release;
		};
		8EC39EC2FA5B15450094B845 /* Debug */ = {
			isa = XCBuildConfiguration;
			buildSettings = {
				ALWAYS_EMBED_SWIFT_STANDARD_LIBRARIES = YES;
				CODE_SIGN_STYLE = Automatic;
				CURRENT_PROJECT_VERSION = 1;
				DEVELOPMENT_TEAM = FXUH7DKLCF;
				GENERATE_INFOPLIST_FILE = YES;
				IPHONEOS_DEPLOYMENT_TARGET = 16.2;
				MACOSX_DEPLOYMENT_TARGET = 13.1;
				MARKETING_VERSION = 1.0;
				PRODUCT_BUNDLE_IDENTIFIER = com.parkm.locchangeUITests;
				PRODUCT_NAME = "$(TARGET_NAME)";
				SDKROOT = auto;
				SUPPORTED_PLATFORMS = "iphoneos iphonesimulator macosx";
				SWIFT_EMIT_LOC_STRINGS = NO;
				SWIFT_VERSION = 5.0;
				TARGETED_DEVICE_FAMILY = "1,2";
				TEST_TARGET_NAME = locchange;
			};
			name = Debug;
		};
		8EC39EC3FA5B15450094B845 /* Release */ = {
			isa = XCBuildConfiguration;
			buildSettings = {
				ALWAYS_EMBED_SWIFT_STANDARD_LIBRARIES = YES;
				CODE_SIGN_STYLE = Automatic;
				CURRENT_PROJECT_VERSION = 1;
				DEVELOPMENT_TEAM = FXUH7DKLCF;
				GENERATE_INFOPLIST_FILE = YES;
				IPHONEOS_DEPLOYMENT_TARGET = 16.2;
				MACOSX_DEPLOYMENT_TARGET = 13.1;
				MARKETING_VERSION = 1.0;
				PRODUCT_BUNDLE_IDENTIFIER = com.parkm.locchangeUITests;
				PRODUCT_NAME = "$(TARGET_NAME)";
				SDKROOT = auto;
				SUPPORTED_PLATFORMS = "iphoneos iphonesimulator macosx";
				SWIFT_EMIT_LOC_STRINGS = NO;
				SWIFT_VERSION = 5.0;
				TARGETED_DEVICE_FAMILY = "1,2";
				TEST_TARGET_NAME = locchange;
			};
			name = Release;
		};
/* End XCBuildConfiguration section */

/* Begin XCConfigurationList section */
		8EC39E91FA5B152B0094B845 /* Build configuration list for PBXProject "locchange" */ = {
			isa = XCConfigurationList;
			buildConfigurations = (
				8EC39EB9FA5B15450094B845 /* Debug */,
				8EC39EBAFA5B15450094B845 /* Release */,
			);
			defaultConfigurationIsVisible = 0;
			defaultConfigurationName = Release;
		};
		8EC39EBBFA5B15450094B845 /* Build configuration list for PBXNativeTarget "locchange" */ = {
			isa = XCConfigurationList;
			buildConfigurations = (
				8EC39EBCFA5B15450094B845 /* Debug */,
				8EC39EBDFA5B15450094B845 /* Release */,
			);
			defaultConfigurationIsVisible = 0;
			defaultConfigurationName = Release;
		};
		8EC39EBEFA5B15450094B845 /* Build configuration list for PBXNativeTarget "locchangeTests" */ = {
			isa = XCConfigurationList;
			buildConfigurations = (
				8EC39EBFFA5B15450094B845 /* Debug */,
				8EC39EC0FA5B15450094B845 /* Release */,
			);
			defaultConfigurationIsVisible = 0;
			defaultConfigurationName = Release;
		};
		8EC39EC1FA5B15450094B845 /* Build configuration list for PBXNativeTarget "locchangeUITests" */ = {
			isa = XCConfigurationList;
			buildConfigurations = (
				8EC39EC2FA5B15450094B845 /* Debug */,
				8EC39EC3FA5B15450094B845 /* Release */,
			);
			defaultConfigurationIsVisible = 0;
			defaultConfigurationName = Release;
		};
/* End XCConfigurationList section */
	};
	rootObject = 8EC39E8EFA5B152B0094B845 /* Project object */;
}
